// !$*UTF8*$!
{
	archiveVersion = 1;
	classes = {
	};
	objectVersion = 46;
	objects = {

/* Begin PBXBuildFile section */
		8E0F64521D90008C00734737 /* main.m in Sources */ = {isa = PBXBuildFile; fileRef = 8E0F64511D90008C00734737 /* main.m */; };
		8E0F64551D90008C00734737 /* AppDelegate.m in Sources */ = {isa = PBXBuildFile; fileRef = 8E0F64541D90008C00734737 /* AppDelegate.m */; };
		8E0F645D1D90008C00734737 /* Assets.xcassets in Resources */ = {isa = PBXBuildFile; fileRef = 8E0F645C1D90008C00734737 /* Assets.xcassets */; };
		8E0F64601D90008C00734737 /* LaunchScreen.storyboard in Resources */ = {isa = PBXBuildFile; fileRef = 8E0F645E1D90008C00734737 /* LaunchScreen.storyboard */; };
		8E0F646B1D90008C00734737 /* __Tests.m in Sources */ = {isa = PBXBuildFile; fileRef = 8E0F646A1D90008C00734737 /* __Tests.m */; };
		8E0F64761D90008D00734737 /* __UITests.m in Sources */ = {isa = PBXBuildFile; fileRef = 8E0F64751D90008D00734737 /* __UITests.m */; };
		8E0F649B1D9007AA00734737 /* GFDragerViewController.m in Sources */ = {isa = PBXBuildFile; fileRef = 8E0F649A1D9007AA00734737 /* GFDragerViewController.m */; };
		8E0F649E1D90092400734737 /* GFMainViewController.m in Sources */ = {isa = PBXBuildFile; fileRef = 8E0F649D1D90092400734737 /* GFMainViewController.m */; };
		8E0F64A11D90099F00734737 /* GFLeftView.m in Sources */ = {isa = PBXBuildFile; fileRef = 8E0F64A01D90099F00734737 /* GFLeftView.m */; };
		8E0F64A51D9009BD00734737 /* GFLeftView.xib in Resources */ = {isa = PBXBuildFile; fileRef = 8E0F64A41D9009BD00734737 /* GFLeftView.xib */; };
		8E0F64A81D900D5600734737 /* GFMenuBtn.m in Sources */ = {isa = PBXBuildFile; fileRef = 8E0F64A71D900D5600734737 /* GFMenuBtn.m */; };
		8E0F64AB1D901BC400734737 /* GFDiscoverVC.m in Sources */ = {isa = PBXBuildFile; fileRef = 8E0F64AA1D901BC400734737 /* GFDiscoverVC.m */; };
		8E0F64B11D901BE700734737 /* GFMessageVC.m in Sources */ = {isa = PBXBuildFile; fileRef = 8E0F64B01D901BE700734737 /* GFMessageVC.m */; };
		8E0F64B41D901C1600734737 /* GFSettingVC.m in Sources */ = {isa = PBXBuildFile; fileRef = 8E0F64B31D901C1600734737 /* GFSettingVC.m */; };
		8E0F64B71D901D6C00734737 /* GFHomeVC.m in Sources */ = {isa = PBXBuildFile; fileRef = 8E0F64B61D901D6C00734737 /* GFHomeVC.m */; };
/* End PBXBuildFile section */

/* Begin PBXContainerItemProxy section */
		8E0F64671D90008C00734737 /* PBXContainerItemProxy */ = {
			isa = PBXContainerItemProxy;
			containerPortal = 8E0F64451D90008C00734737 /* Project object */;
			proxyType = 1;
			remoteGlobalIDString = 8E0F644C1D90008C00734737;
			remoteInfo = "城觅";
		};
		8E0F64721D90008D00734737 /* PBXContainerItemProxy */ = {
			isa = PBXContainerItemProxy;
			containerPortal = 8E0F64451D90008C00734737 /* Project object */;
			proxyType = 1;
			remoteGlobalIDString = 8E0F644C1D90008C00734737;
			remoteInfo = "城觅";
		};
/* End PBXContainerItemProxy section */

/* Begin PBXFileReference section */
		8E0F644D1D90008C00734737 /* 城觅.app */ = {isa = PBXFileReference; explicitFileType = wrapper.application; includeInIndex = 0; path = "城觅.app"; sourceTree = BUILT_PRODUCTS_DIR; };
		8E0F64511D90008C00734737 /* main.m */ = {isa = PBXFileReference; lastKnownFileType = sourcecode.c.objc; path = main.m; sourceTree = "<group>"; };
		8E0F64531D90008C00734737 /* AppDelegate.h */ = {isa = PBXFileReference; lastKnownFileType = sourcecode.c.h; path = AppDelegate.h; sourceTree = "<group>"; };
		8E0F64541D90008C00734737 /* AppDelegate.m */ = {isa = PBXFileReference; lastKnownFileType = sourcecode.c.objc; path = AppDelegate.m; sourceTree = "<group>"; };
		8E0F645C1D90008C00734737 /* Assets.xcassets */ = {isa = PBXFileReference; lastKnownFileType = folder.assetcatalog; path = Assets.xcassets; sourceTree = "<group>"; };
		8E0F645F1D90008C00734737 /* Base */ = {isa = PBXFileReference; lastKnownFileType = file.storyboard; name = Base; path = Base.lproj/LaunchScreen.storyboard; sourceTree = "<group>"; };
		8E0F64611D90008C00734737 /* Info.plist */ = {isa = PBXFileReference; lastKnownFileType = text.plist.xml; path = Info.plist; sourceTree = "<group>"; };
		8E0F64661D90008C00734737 /* 城觅Tests.xctest */ = {isa = PBXFileReference; explicitFileType = wrapper.cfbundle; includeInIndex = 0; path = "城觅Tests.xctest"; sourceTree = BUILT_PRODUCTS_DIR; };
		8E0F646A1D90008C00734737 /* __Tests.m */ = {isa = PBXFileReference; lastKnownFileType = sourcecode.c.objc; path = __Tests.m; sourceTree = "<group>"; };
		8E0F646C1D90008C00734737 /* Info.plist */ = {isa = PBXFileReference; lastKnownFileType = text.plist.xml; path = Info.plist; sourceTree = "<group>"; };
		8E0F64711D90008D00734737 /* 城觅UITests.xctest */ = {isa = PBXFileReference; explicitFileType = wrapper.cfbundle; includeInIndex = 0; path = "城觅UITests.xctest"; sourceTree = BUILT_PRODUCTS_DIR; };
		8E0F64751D90008D00734737 /* __UITests.m */ = {isa = PBXFileReference; lastKnownFileType = sourcecode.c.objc; path = __UITests.m; sourceTree = "<group>"; };
		8E0F64771D90008D00734737 /* Info.plist */ = {isa = PBXFileReference; lastKnownFileType = text.plist.xml; path = Info.plist; sourceTree = "<group>"; };
		8E0F64991D9007AA00734737 /* GFDragerViewController.h */ = {isa = PBXFileReference; fileEncoding = 4; lastKnownFileType = sourcecode.c.h; name = GFDragerViewController.h; path = ../../../GFDragerViewController.h; sourceTree = "<group>"; };
		8E0F649A1D9007AA00734737 /* GFDragerViewController.m */ = {isa = PBXFileReference; fileEncoding = 4; lastKnownFileType = sourcecode.c.objc; name = GFDragerViewController.m; path = ../../../GFDragerViewController.m; sourceTree = "<group>"; };
		8E0F649C1D90092400734737 /* GFMainViewController.h */ = {isa = PBXFileReference; fileEncoding = 4; lastKnownFileType = sourcecode.c.h; path = GFMainViewController.h; sourceTree = "<group>"; };
		8E0F649D1D90092400734737 /* GFMainViewController.m */ = {isa = PBXFileReference; fileEncoding = 4; lastKnownFileType = sourcecode.c.objc; path = GFMainViewController.m; sourceTree = "<group>"; };
		8E0F649F1D90099F00734737 /* GFLeftView.h */ = {isa = PBXFileReference; fileEncoding = 4; lastKnownFileType = sourcecode.c.h; path = GFLeftView.h; sourceTree = "<group>"; };
		8E0F64A01D90099F00734737 /* GFLeftView.m */ = {isa = PBXFileReference; fileEncoding = 4; lastKnownFileType = sourcecode.c.objc; path = GFLeftView.m; sourceTree = "<group>"; };
		8E0F64A41D9009BD00734737 /* GFLeftView.xib */ = {isa = PBXFileReference; fileEncoding = 4; lastKnownFileType = file.xib; path = GFLeftView.xib; sourceTree = "<group>"; };
		8E0F64A61D900D5600734737 /* GFMenuBtn.h */ = {isa = PBXFileReference; fileEncoding = 4; lastKnownFileType = sourcecode.c.h; path = GFMenuBtn.h; sourceTree = "<group>"; };
		8E0F64A71D900D5600734737 /* GFMenuBtn.m */ = {isa = PBXFileReference; fileEncoding = 4; lastKnownFileType = sourcecode.c.objc; path = GFMenuBtn.m; sourceTree = "<group>"; };
		8E0F64A91D901BC400734737 /* GFDiscoverVC.h */ = {isa = PBXFileReference; fileEncoding = 4; lastKnownFileType = sourcecode.c.h; path = GFDiscoverVC.h; sourceTree = "<group>"; };
		8E0F64AA1D901BC400734737 /* GFDiscoverVC.m */ = {isa = PBXFileReference; fileEncoding = 4; lastKnownFileType = sourcecode.c.objc; path = GFDiscoverVC.m; sourceTree = "<group>"; };
		8E0F64AF1D901BE700734737 /* GFMessageVC.h */ = {isa = PBXFileReference; fileEncoding = 4; lastKnownFileType = sourcecode.c.h; path = GFMessageVC.h; sourceTree = "<group>"; };
		8E0F64B01D901BE700734737 /* GFMessageVC.m */ = {isa = PBXFileReference; fileEncoding = 4; lastKnownFileType = sourcecode.c.objc; path = GFMessageVC.m; sourceTree = "<group>"; };
		8E0F64B21D901C1600734737 /* GFSettingVC.h */ = {isa = PBXFileReference; fileEncoding = 4; lastKnownFileType = sourcecode.c.h; path = GFSettingVC.h; sourceTree = "<group>"; };
		8E0F64B31D901C1600734737 /* GFSettingVC.m */ = {isa = PBXFileReference; fileEncoding = 4; lastKnownFileType = sourcecode.c.objc; path = GFSettingVC.m; sourceTree = "<group>"; };
		8E0F64B51D901D6C00734737 /* GFHomeVC.h */ = {isa = PBXFileReference; fileEncoding = 4; lastKnownFileType = sourcecode.c.h; path = GFHomeVC.h; sourceTree = "<group>"; };
		8E0F64B61D901D6C00734737 /* GFHomeVC.m */ = {isa = PBXFileReference; fileEncoding = 4; lastKnownFileType = sourcecode.c.objc; path = GFHomeVC.m; sourceTree = "<group>"; };
/* End PBXFileReference section */

/* Begin PBXFrameworksBuildPhase section */
		8E0F644A1D90008C00734737 /* Frameworks */ = {
			isa = PBXFrameworksBuildPhase;
			buildActionMask = 2147483647;
			files = (
			);
			runOnlyForDeploymentPostprocessing = 0;
		};
		8E0F64631D90008C00734737 /* Frameworks */ = {
			isa = PBXFrameworksBuildPhase;
			buildActionMask = 2147483647;
			files = (
			);
			runOnlyForDeploymentPostprocessing = 0;
		};
		8E0F646E1D90008D00734737 /* Frameworks */ = {
			isa = PBXFrameworksBuildPhase;
			buildActionMask = 2147483647;
			files = (
			);
			runOnlyForDeploymentPostprocessing = 0;
		};
/* End PBXFrameworksBuildPhase section */

/* Begin PBXGroup section */
		8E0F64441D90008C00734737 = {
			isa = PBXGroup;
			children = (
				8E0F644F1D90008C00734737 /* 城觅 */,
				8E0F64691D90008C00734737 /* 城觅Tests */,
				8E0F64741D90008D00734737 /* 城觅UITests */,
				8E0F644E1D90008C00734737 /* Products */,
			);
			sourceTree = "<group>";
		};
		8E0F644E1D90008C00734737 /* Products */ = {
			isa = PBXGroup;
			children = (
				8E0F644D1D90008C00734737 /* 城觅.app */,
				8E0F64661D90008C00734737 /* 城觅Tests.xctest */,
				8E0F64711D90008D00734737 /* 城觅UITests.xctest */,
			);
			name = Products;
			sourceTree = "<group>";
		};
		8E0F644F1D90008C00734737 /* 城觅 */ = {
			isa = PBXGroup;
			children = (
				8E0F64831D90076A00734737 /* Classes */,
				8E0F64941D90076A00734737 /* Other */,
				8E0F64531D90008C00734737 /* AppDelegate.h */,
				8E0F64541D90008C00734737 /* AppDelegate.m */,
				8E0F645C1D90008C00734737 /* Assets.xcassets */,
				8E0F645E1D90008C00734737 /* LaunchScreen.storyboard */,
				8E0F64611D90008C00734737 /* Info.plist */,
				8E0F64501D90008C00734737 /* Supporting Files */,
			);
			path = "城觅";
			sourceTree = "<group>";
		};
		8E0F64501D90008C00734737 /* Supporting Files */ = {
			isa = PBXGroup;
			children = (
				8E0F64511D90008C00734737 /* main.m */,
			);
			name = "Supporting Files";
			sourceTree = "<group>";
		};
		8E0F64691D90008C00734737 /* 城觅Tests */ = {
			isa = PBXGroup;
			children = (
				8E0F646A1D90008C00734737 /* __Tests.m */,
				8E0F646C1D90008C00734737 /* Info.plist */,
			);
			path = "城觅Tests";
			sourceTree = "<group>";
		};
		8E0F64741D90008D00734737 /* 城觅UITests */ = {
			isa = PBXGroup;
			children = (
				8E0F64751D90008D00734737 /* __UITests.m */,
				8E0F64771D90008D00734737 /* Info.plist */,
			);
			path = "城觅UITests";
			sourceTree = "<group>";
		};
		8E0F64831D90076A00734737 /* Classes */ = {
			isa = PBXGroup;
			children = (
				8E0F648C1D90076A00734737 /* Main */,
				8E0F64841D90076A00734737 /* Discover(发现) */,
				8E0F64881D90076A00734737 /* Home(首页) */,
				8E0F64901D90076A00734737 /* Message(消息) */,
				8E0F64951D90076A00734737 /* Setting(设置) */,
			);
			path = Classes;
			sourceTree = "<group>";
		};
		8E0F64841D90076A00734737 /* Discover(发现) */ = {
			isa = PBXGroup;
			children = (
				8E0F64851D90076A00734737 /* Controller */,
				8E0F64861D90076A00734737 /* Model */,
				8E0F64871D90076A00734737 /* View */,
			);
			path = "Discover(发现)";
			sourceTree = "<group>";
		};
		8E0F64851D90076A00734737 /* Controller */ = {
			isa = PBXGroup;
			children = (
				8E0F64A91D901BC400734737 /* GFDiscoverVC.h */,
				8E0F64AA1D901BC400734737 /* GFDiscoverVC.m */,
			);
			path = Controller;
			sourceTree = "<group>";
		};
		8E0F64861D90076A00734737 /* Model */ = {
			isa = PBXGroup;
			children = (
			);
			path = Model;
			sourceTree = "<group>";
		};
		8E0F64871D90076A00734737 /* View */ = {
			isa = PBXGroup;
			children = (
			);
			path = View;
			sourceTree = "<group>";
		};
		8E0F64881D90076A00734737 /* Home(首页) */ = {
			isa = PBXGroup;
			children = (
				8E0F64891D90076A00734737 /* Controller */,
				8E0F648A1D90076A00734737 /* Model */,
				8E0F648B1D90076A00734737 /* View */,
			);
			path = "Home(首页)";
			sourceTree = "<group>";
		};
		8E0F64891D90076A00734737 /* Controller */ = {
			isa = PBXGroup;
			children = (
				8E0F64B51D901D6C00734737 /* GFHomeVC.h */,
				8E0F64B61D901D6C00734737 /* GFHomeVC.m */,
			);
			path = Controller;
			sourceTree = "<group>";
		};
		8E0F648A1D90076A00734737 /* Model */ = {
			isa = PBXGroup;
			children = (
			);
			path = Model;
			sourceTree = "<group>";
		};
		8E0F648B1D90076A00734737 /* View */ = {
			isa = PBXGroup;
			children = (
			);
			path = View;
			sourceTree = "<group>";
		};
		8E0F648C1D90076A00734737 /* Main */ = {
			isa = PBXGroup;
			children = (
				8E0F648D1D90076A00734737 /* Controller */,
				8E0F648E1D90076A00734737 /* Model */,
				8E0F648F1D90076A00734737 /* View */,
			);
			path = Main;
			sourceTree = "<group>";
		};
		8E0F648D1D90076A00734737 /* Controller */ = {
			isa = PBXGroup;
			children = (
				8E0F64991D9007AA00734737 /* GFDragerViewController.h */,
				8E0F649A1D9007AA00734737 /* GFDragerViewController.m */,
				8E0F649C1D90092400734737 /* GFMainViewController.h */,
				8E0F649D1D90092400734737 /* GFMainViewController.m */,
			);
			path = Controller;
			sourceTree = "<group>";
		};
		8E0F648E1D90076A00734737 /* Model */ = {
			isa = PBXGroup;
			children = (
			);
			path = Model;
			sourceTree = "<group>";
		};
		8E0F648F1D90076A00734737 /* View */ = {
			isa = PBXGroup;
			children = (
				8E0F649F1D90099F00734737 /* GFLeftView.h */,
				8E0F64A01D90099F00734737 /* GFLeftView.m */,
				8E0F64A41D9009BD00734737 /* GFLeftView.xib */,
				8E0F64A61D900D5600734737 /* GFMenuBtn.h */,
				8E0F64A71D900D5600734737 /* GFMenuBtn.m */,
			);
			path = View;
			sourceTree = "<group>";
		};
		8E0F64901D90076A00734737 /* Message(消息) */ = {
			isa = PBXGroup;
			children = (
				8E0F64911D90076A00734737 /* Controller */,
				8E0F64921D90076A00734737 /* Model */,
				8E0F64931D90076A00734737 /* View */,
			);
			path = "Message(消息)";
			sourceTree = "<group>";
		};
		8E0F64911D90076A00734737 /* Controller */ = {
			isa = PBXGroup;
			children = (
				8E0F64AF1D901BE700734737 /* GFMessageVC.h */,
				8E0F64B01D901BE700734737 /* GFMessageVC.m */,
			);
			path = Controller;
			sourceTree = "<group>";
		};
		8E0F64921D90076A00734737 /* Model */ = {
			isa = PBXGroup;
			children = (
			);
			path = Model;
			sourceTree = "<group>";
		};
		8E0F64931D90076A00734737 /* View */ = {
			isa = PBXGroup;
			children = (
			);
			path = View;
			sourceTree = "<group>";
		};
		8E0F64941D90076A00734737 /* Other */ = {
			isa = PBXGroup;
			children = (
			);
			name = Other;
			path = Classes/Other;
			sourceTree = "<group>";
		};
		8E0F64951D90076A00734737 /* Setting(设置) */ = {
			isa = PBXGroup;
			children = (
				8E0F64961D90076A00734737 /* Controller */,
				8E0F64971D90076A00734737 /* Model */,
				8E0F64981D90076A00734737 /* View */,
			);
			path = "Setting(设置)";
			sourceTree = "<group>";
		};
		8E0F64961D90076A00734737 /* Controller */ = {
			isa = PBXGroup;
			children = (
				8E0F64B21D901C1600734737 /* GFSettingVC.h */,
				8E0F64B31D901C1600734737 /* GFSettingVC.m */,
			);
			path = Controller;
			sourceTree = "<group>";
		};
		8E0F64971D90076A00734737 /* Model */ = {
			isa = PBXGroup;
			children = (
			);
			path = Model;
			sourceTree = "<group>";
		};
		8E0F64981D90076A00734737 /* View */ = {
			isa = PBXGroup;
			children = (
			);
			path = View;
			sourceTree = "<group>";
		};
/* End PBXGroup section */

/* Begin PBXNativeTarget section */
		8E0F644C1D90008C00734737 /* 城觅 */ = {
			isa = PBXNativeTarget;
			buildConfigurationList = 8E0F647A1D90008D00734737 /* Build configuration list for PBXNativeTarget "城觅" */;
			buildPhases = (
				8E0F64491D90008C00734737 /* Sources */,
				8E0F644A1D90008C00734737 /* Frameworks */,
				8E0F644B1D90008C00734737 /* Resources */,
			);
			buildRules = (
			);
			dependencies = (
			);
			name = "城觅";
			productName = "城觅";
			productReference = 8E0F644D1D90008C00734737 /* 城觅.app */;
			productType = "com.apple.product-type.application";
		};
		8E0F64651D90008C00734737 /* 城觅Tests */ = {
			isa = PBXNativeTarget;
			buildConfigurationList = 8E0F647D1D90008D00734737 /* Build configuration list for PBXNativeTarget "城觅Tests" */;
			buildPhases = (
				8E0F64621D90008C00734737 /* Sources */,
				8E0F64631D90008C00734737 /* Frameworks */,
				8E0F64641D90008C00734737 /* Resources */,
			);
			buildRules = (
			);
			dependencies = (
				8E0F64681D90008C00734737 /* PBXTargetDependency */,
			);
			name = "城觅Tests";
			productName = "城觅Tests";
			productReference = 8E0F64661D90008C00734737 /* 城觅Tests.xctest */;
			productType = "com.apple.product-type.bundle.unit-test";
		};
		8E0F64701D90008D00734737 /* 城觅UITests */ = {
			isa = PBXNativeTarget;
			buildConfigurationList = 8E0F64801D90008D00734737 /* Build configuration list for PBXNativeTarget "城觅UITests" */;
			buildPhases = (
				8E0F646D1D90008D00734737 /* Sources */,
				8E0F646E1D90008D00734737 /* Frameworks */,
				8E0F646F1D90008D00734737 /* Resources */,
			);
			buildRules = (
			);
			dependencies = (
				8E0F64731D90008D00734737 /* PBXTargetDependency */,
			);
			name = "城觅UITests";
			productName = "城觅UITests";
			productReference = 8E0F64711D90008D00734737 /* 城觅UITests.xctest */;
			productType = "com.apple.product-type.bundle.ui-testing";
		};
/* End PBXNativeTarget section */

/* Begin PBXProject section */
		8E0F64451D90008C00734737 /* Project object */ = {
			isa = PBXProject;
			attributes = {
				CLASSPREFIX = GF;
				LastUpgradeCheck = 0730;
				ORGANIZATIONNAME = gf;
				TargetAttributes = {
					8E0F644C1D90008C00734737 = {
						CreatedOnToolsVersion = 7.3;
					};
					8E0F64651D90008C00734737 = {
						CreatedOnToolsVersion = 7.3;
						TestTargetID = 8E0F644C1D90008C00734737;
					};
					8E0F64701D90008D00734737 = {
						CreatedOnToolsVersion = 7.3;
						TestTargetID = 8E0F644C1D90008C00734737;
					};
				};
			};
			buildConfigurationList = 8E0F64481D90008C00734737 /* Build configuration list for PBXProject "城觅" */;
			compatibilityVersion = "Xcode 3.2";
			developmentRegion = English;
			hasScannedForEncodings = 0;
			knownRegions = (
				en,
				Base,
			);
			mainGroup = 8E0F64441D90008C00734737;
			productRefGroup = 8E0F644E1D90008C00734737 /* Products */;
			projectDirPath = "";
			projectRoot = "";
			targets = (
				8E0F644C1D90008C00734737 /* 城觅 */,
				8E0F64651D90008C00734737 /* 城觅Tests */,
				8E0F64701D90008D00734737 /* 城觅UITests */,
			);
		};
/* End PBXProject section */

/* Begin PBXResourcesBuildPhase section */
		8E0F644B1D90008C00734737 /* Resources */ = {
			isa = PBXResourcesBuildPhase;
			buildActionMask = 2147483647;
			files = (
				8E0F64A51D9009BD00734737 /* GFLeftView.xib in Resources */,
				8E0F64601D90008C00734737 /* LaunchScreen.storyboard in Resources */,
				8E0F645D1D90008C00734737 /* Assets.xcassets in Resources */,
			);
			runOnlyForDeploymentPostprocessing = 0;
		};
		8E0F64641D90008C00734737 /* Resources */ = {
			isa = PBXResourcesBuildPhase;
			buildActionMask = 2147483647;
			files = (
			);
			runOnlyForDeploymentPostprocessing = 0;
		};
		8E0F646F1D90008D00734737 /* Resources */ = {
			isa = PBXResourcesBuildPhase;
			buildActionMask = 2147483647;
			files = (
			);
			runOnlyForDeploymentPostprocessing = 0;
		};
/* End PBXResourcesBuildPhase section */

/* Begin PBXSourcesBuildPhase section */
		8E0F64491D90008C00734737 /* Sources */ = {
			isa = PBXSourcesBuildPhase;
			buildActionMask = 2147483647;
			files = (
				8E0F64B71D901D6C00734737 /* GFHomeVC.m in Sources */,
				8E0F649B1D9007AA00734737 /* GFDragerViewController.m in Sources */,
				8E0F64A11D90099F00734737 /* GFLeftView.m in Sources */,
				8E0F64AB1D901BC400734737 /* GFDiscoverVC.m in Sources */,
				8E0F64A81D900D5600734737 /* GFMenuBtn.m in Sources */,
				8E0F64B41D901C1600734737 /* GFSettingVC.m in Sources */,
				8E0F64B11D901BE700734737 /* GFMessageVC.m in Sources */,
				8E0F64551D90008C00734737 /* AppDelegate.m in Sources */,
				8E0F649E1D90092400734737 /* GFMainViewController.m in Sources */,
				8E0F64521D90008C00734737 /* main.m in Sources */,
			);
			runOnlyForDeploymentPostprocessing = 0;
		};
		8E0F64621D90008C00734737 /* Sources */ = {
			isa = PBXSourcesBuildPhase;
			buildActionMask = 2147483647;
			files = (
				8E0F646B1D90008C00734737 /* __Tests.m in Sources */,
			);
			runOnlyForDeploymentPostprocessing = 0;
		};
		8E0F646D1D90008D00734737 /* Sources */ = {
			isa = PBXSourcesBuildPhase;
			buildActionMask = 2147483647;
			files = (
				8E0F64761D90008D00734737 /* __UITests.m in Sources */,
			);
			runOnlyForDeploymentPostprocessing = 0;
		};
/* End PBXSourcesBuildPhase section */

/* Begin PBXTargetDependency section */
		8E0F64681D90008C00734737 /* PBXTargetDependency */ = {
			isa = PBXTargetDependency;
			target = 8E0F644C1D90008C00734737 /* 城觅 */;
			targetProxy = 8E0F64671D90008C00734737 /* PBXContainerItemProxy */;
		};
		8E0F64731D90008D00734737 /* PBXTargetDependency */ = {
			isa = PBXTargetDependency;
			target = 8E0F644C1D90008C00734737 /* 城觅 */;
			targetProxy = 8E0F64721D90008D00734737 /* PBXContainerItemProxy */;
		};
/* End PBXTargetDependency section */

/* Begin PBXVariantGroup section */
		8E0F645E1D90008C00734737 /* LaunchScreen.storyboard */ = {
			isa = PBXVariantGroup;
			children = (
				8E0F645F1D90008C00734737 /* Base */,
			);
			name = LaunchScreen.storyboard;
			sourceTree = "<group>";
		};
/* End PBXVariantGroup section */

/* Begin XCBuildConfiguration section */
		8E0F64781D90008D00734737 /* Debug */ = {
			isa = XCBuildConfiguration;
			buildSettings = {
				ALWAYS_SEARCH_USER_PATHS = NO;
				CLANG_ANALYZER_NONNULL = YES;
				CLANG_CXX_LANGUAGE_STANDARD = "gnu++0x";
				CLANG_CXX_LIBRARY = "libc++";
				CLANG_ENABLE_MODULES = YES;
				CLANG_ENABLE_OBJC_ARC = YES;
				CLANG_WARN_BOOL_CONVERSION = YES;
				CLANG_WARN_CONSTANT_CONVERSION = YES;
				CLANG_WARN_DIRECT_OBJC_ISA_USAGE = YES_ERROR;
				CLANG_WARN_EMPTY_BODY = YES;
				CLANG_WARN_ENUM_CONVERSION = YES;
				CLANG_WARN_INT_CONVERSION = YES;
				CLANG_WARN_OBJC_ROOT_CLASS = YES_ERROR;
				CLANG_WARN_UNREACHABLE_CODE = YES;
				CLANG_WARN__DUPLICATE_METHOD_MATCH = YES;
				"CODE_SIGN_IDENTITY[sdk=iphoneos*]" = "iPhone Developer";
				COPY_PHASE_STRIP = NO;
				DEBUG_INFORMATION_FORMAT = dwarf;
				ENABLE_STRICT_OBJC_MSGSEND = YES;
				ENABLE_TESTABILITY = YES;
				GCC_C_LANGUAGE_STANDARD = gnu99;
				GCC_DYNAMIC_NO_PIC = NO;
				GCC_NO_COMMON_BLOCKS = YES;
				GCC_OPTIMIZATION_LEVEL = 0;
				GCC_PREPROCESSOR_DEFINITIONS = (
					"DEBUG=1",
					"$(inherited)",
				);
				GCC_WARN_64_TO_32_BIT_CONVERSION = YES;
				GCC_WARN_ABOUT_RETURN_TYPE = YES_ERROR;
				GCC_WARN_UNDECLARED_SELECTOR = YES;
				GCC_WARN_UNINITIALIZED_AUTOS = YES_AGGRESSIVE;
				GCC_WARN_UNUSED_FUNCTION = YES;
				GCC_WARN_UNUSED_VARIABLE = YES;
				IPHONEOS_DEPLOYMENT_TARGET = 9.3;
				MTL_ENABLE_DEBUG_INFO = YES;
				ONLY_ACTIVE_ARCH = YES;
				SDKROOT = iphoneos;
				TARGETED_DEVICE_FAMILY = "1,2";
			};
			name = Debug;
		};
		8E0F64791D90008D00734737 /* Release */ = {
			isa = XCBuildConfiguration;
			buildSettings = {
				ALWAYS_SEARCH_USER_PATHS = NO;
				CLANG_ANALYZER_NONNULL = YES;
				CLANG_CXX_LANGUAGE_STANDARD = "gnu++0x";
				CLANG_CXX_LIBRARY = "libc++";
				CLANG_ENABLE_MODULES = YES;
				CLANG_ENABLE_OBJC_ARC = YES;
				CLANG_WARN_BOOL_CONVERSION = YES;
				CLANG_WARN_CONSTANT_CONVERSION = YES;
				CLANG_WARN_DIRECT_OBJC_ISA_USAGE = YES_ERROR;
				CLANG_WARN_EMPTY_BODY = YES;
				CLANG_WARN_ENUM_CONVERSION = YES;
				CLANG_WARN_INT_CONVERSION = YES;
				CLANG_WARN_OBJC_ROOT_CLASS = YES_ERROR;
				CLANG_WARN_UNREACHABLE_CODE = YES;
				CLANG_WARN__DUPLICATE_METHOD_MATCH = YES;
				"CODE_SIGN_IDENTITY[sdk=iphoneos*]" = "iPhone Developer";
				COPY_PHASE_STRIP = NO;
				DEBUG_INFORMATION_FORMAT = "dwarf-with-dsym";
				ENABLE_NS_ASSERTIONS = NO;
				ENABLE_STRICT_OBJC_MSGSEND = YES;
				GCC_C_LANGUAGE_STANDARD = gnu99;
				GCC_NO_COMMON_BLOCKS = YES;
				GCC_WARN_64_TO_32_BIT_CONVERSION = YES;
				GCC_WARN_ABOUT_RETURN_TYPE = YES_ERROR;
				GCC_WARN_UNDECLARED_SELECTOR = YES;
				GCC_WARN_UNINITIALIZED_AUTOS = YES_AGGRESSIVE;
				GCC_WARN_UNUSED_FUNCTION = YES;
				GCC_WARN_UNUSED_VARIABLE = YES;
				IPHONEOS_DEPLOYMENT_TARGET = 9.3;
				MTL_ENABLE_DEBUG_INFO = NO;
				SDKROOT = iphoneos;
				TARGETED_DEVICE_FAMILY = "1,2";
				VALIDATE_PRODUCT = YES;
			};
			name = Release;
		};
		8E0F647B1D90008D00734737 /* Debug */ = {
			isa = XCBuildConfiguration;
			buildSettings = {
				ASSETCATALOG_COMPILER_APPICON_NAME = AppIcon;
				INFOPLIST_FILE = "城觅/Info.plist";
				IPHONEOS_DEPLOYMENT_TARGET = 7.0;
				LD_RUNPATH_SEARCH_PATHS = "$(inherited) @executable_path/Frameworks";
				PRODUCT_BUNDLE_IDENTIFIER = com.gf.www;
				PRODUCT_NAME = "$(TARGET_NAME)";
				TARGETED_DEVICE_FAMILY = 1;
			};
			name = Debug;
		};
		8E0F647C1D90008D00734737 /* Release */ = {
			isa = XCBuildConfiguration;
			buildSettings = {
				ASSETCATALOG_COMPILER_APPICON_NAME = AppIcon;
				INFOPLIST_FILE = "城觅/Info.plist";
				IPHONEOS_DEPLOYMENT_TARGET = 7.0;
				LD_RUNPATH_SEARCH_PATHS = "$(inherited) @executable_path/Frameworks";
				PRODUCT_BUNDLE_IDENTIFIER = com.gf.www;
				PRODUCT_NAME = "$(TARGET_NAME)";
				TARGETED_DEVICE_FAMILY = 1;
			};
			name = Release;
		};
		8E0F647E1D90008D00734737 /* Debug */ = {
			isa = XCBuildConfiguration;
			buildSettings = {
				BUNDLE_LOADER = "$(TEST_HOST)";
				INFOPLIST_FILE = "城觅Tests/Info.plist";
				LD_RUNPATH_SEARCH_PATHS = "$(inherited) @executable_path/Frameworks @loader_path/Frameworks";
				PRODUCT_BUNDLE_IDENTIFIER = "com.gf.--Tests";
				PRODUCT_NAME = "$(TARGET_NAME)";
				TEST_HOST = "$(BUILT_PRODUCTS_DIR)/城觅.app/城觅";
			};
			name = Debug;
		};
		8E0F647F1D90008D00734737 /* Release */ = {
			isa = XCBuildConfiguration;
			buildSettings = {
				BUNDLE_LOADER = "$(TEST_HOST)";
				INFOPLIST_FILE = "城觅Tests/Info.plist";
				LD_RUNPATH_SEARCH_PATHS = "$(inherited) @executable_path/Frameworks @loader_path/Frameworks";
				PRODUCT_BUNDLE_IDENTIFIER = "com.gf.--Tests";
				PRODUCT_NAME = "$(TARGET_NAME)";
				TEST_HOST = "$(BUILT_PRODUCTS_DIR)/城觅.app/城觅";
			};
			name = Release;
		};
		8E0F64811D90008D00734737 /* Debug */ = {
			isa = XCBuildConfiguration;
			buildSettings = {
				INFOPLIST_FILE = "城觅UITests/Info.plist";
				LD_RUNPATH_SEARCH_PATHS = "$(inherited) @executable_path/Frameworks @loader_path/Frameworks";
				PRODUCT_BUNDLE_IDENTIFIER = "com.gf.--UITests";
				PRODUCT_NAME = "$(TARGET_NAME)";
				TEST_TARGET_NAME = "城觅";
			};
			name = Debug;
		};
		8E0F64821D90008D00734737 /* Release */ = {
			isa = XCBuildConfiguration;
			buildSettings = {
				INFOPLIST_FILE = "城觅UITests/Info.plist";
				LD_RUNPATH_SEARCH_PATHS = "$(inherited) @executable_path/Frameworks @loader_path/Frameworks";
				PRODUCT_BUNDLE_IDENTIFIER = "com.gf.--UITests";
				PRODUCT_NAME = "$(TARGET_NAME)";
				TEST_TARGET_NAME = "城觅";
			};
			name = Release;
		};
/* End XCBuildConfiguration section */

/* Begin XCConfigurationList section */
		8E0F64481D90008C00734737 /* Build configuration list for PBXProject "城觅" */ = {
			isa = XCConfigurationList;
			buildConfigurations = (
				8E0F64781D90008D00734737 /* Debug */,
				8E0F64791D90008D00734737 /* Release */,
			);
			defaultConfigurationIsVisible = 0;
			defaultConfigurationName = Release;
		};
		8E0F647A1D90008D00734737 /* Build configuration list for PBXNativeTarget "城觅" */ = {
			isa = XCConfigurationList;
			buildConfigurations = (
				8E0F647B1D90008D00734737 /* Debug */,
				8E0F647C1D90008D00734737 /* Release */,
			);
			defaultConfigurationIsVisible = 0;
			defaultConfigurationName = Release;
		};
		8E0F647D1D90008D00734737 /* Build configuration list for PBXNativeTarget "城觅Tests" */ = {
			isa = XCConfigurationList;
			buildConfigurations = (
				8E0F647E1D90008D00734737 /* Debug */,
				8E0F647F1D90008D00734737 /* Release */,
			);
			defaultConfigurationIsVisible = 0;
			defaultConfigurationName = Release;
		};
		8E0F64801D90008D00734737 /* Build configuration list for PBXNativeTarget "城觅UITests" */ = {
			isa = XCConfigurationList;
			buildConfigurations = (
				8E0F64811D90008D00734737 /* Debug */,
				8E0F64821D90008D00734737 /* Release */,
			);
			defaultConfigurationIsVisible = 0;
			defaultConfigurationName = Release;
		};
/* End XCConfigurationList section */
	};
	rootObject = 8E0F64451D90008C00734737 /* Project object */;
}
